// !$*UTF8*$!
{
	archiveVersion = 1;
	classes = {
	};
	objectVersion = 50;
	objects = {

/* Begin PBXBuildFile section */
		65BAF0EF23B66A3D00BB49B4 /* main.swift in Sources */ = {isa = PBXBuildFile; fileRef = 65BAF0EE23B66A3D00BB49B4 /* main.swift */; };
/* End PBXBuildFile section */

/* Begin PBXCopyFilesBuildPhase section */
		65BAF0E923B66A3D00BB49B4 /* CopyFiles */ = {
			isa = PBXCopyFilesBuildPhase;
			buildActionMask = 2147483647;
			dstPath = /usr/share/man/man1/;
			dstSubfolderSpec = 0;
			files = (
			);
			runOnlyForDeploymentPostprocessing = 1;
		};
/* End PBXCopyFilesBuildPhase section */

/* Begin PBXFileReference section */
		653E31AA23BB4F1000CC4B55 /* Foundation */ = {isa = PBXFileReference; lastKnownFileType = folder; name = Foundation; path = "swift-corelibs-foundation/Foundation"; sourceTree = "<group>"; };
		653E31AC23BB4F8F00CC4B55 /* ABI */ = {isa = PBXFileReference; lastKnownFileType = folder; name = ABI; path = swift/ABI; sourceTree = "<group>"; };
		653E31AD23BB4FA300CC4B55 /* Runtime */ = {isa = PBXFileReference; lastKnownFileType = folder; name = Runtime; path = swift/Runtime; sourceTree = "<group>"; };
		653E31AE23BB4FD600CC4B55 /* core */ = {isa = PBXFileReference; lastKnownFileType = folder; name = core; path = swift/stdlib/public/core; sourceTree = "<group>"; };
		653E31AF23BB500D00CC4B55 /* runtime */ = {isa = PBXFileReference; lastKnownFileType = folder; name = runtime; path = swift/stdlib/public/runtime; sourceTree = "<group>"; };
		65BAF0EB23B66A3D00BB49B4 /* DebugRuntime */ = {isa = PBXFileReference; explicitFileType = "compiled.mach-o.executable"; includeInIndex = 0; path = DebugRuntime; sourceTree = BUILT_PRODUCTS_DIR; };
		65BAF0EE23B66A3D00BB49B4 /* main.swift */ = {isa = PBXFileReference; lastKnownFileType = sourcecode.swift; path = main.swift; sourceTree = "<group>"; };
		65FAF16123BB48BB00A185A3 /* README.md */ = {isa = PBXFileReference; lastKnownFileType = net.daringfireball.markdown; path = README.md; sourceTree = "<group>"; };
/* End PBXFileReference section */

/* Begin PBXFrameworksBuildPhase section */
		65BAF0E823B66A3D00BB49B4 /* Frameworks */ = {
			isa = PBXFrameworksBuildPhase;
			buildActionMask = 2147483647;
			files = (
			);
			runOnlyForDeploymentPostprocessing = 0;
		};
/* End PBXFrameworksBuildPhase section */

/* Begin PBXGroup section */
		653E318C23BB4EA400CC4B55 /* Swift */ = {
			isa = PBXGroup;
			children = (
				653E31AB23BB4F2E00CC4B55 /* include */,
				653E31AF23BB500D00CC4B55 /* runtime */,
				653E31AE23BB4FD600CC4B55 /* core */,
				653E31AA23BB4F1000CC4B55 /* Foundation */,
			);
			name = Swift;
			path = "../../../swift-source-5.1";
			sourceTree = "<group>";
		};
		653E31AB23BB4F2E00CC4B55 /* include */ = {
			isa = PBXGroup;
			children = (
				653E31AC23BB4F8F00CC4B55 /* ABI */,
				653E31AD23BB4FA300CC4B55 /* Runtime */,
			);
			name = include;
			path = swift/include;
			sourceTree = "<group>";
		};
		65BAF0E223B66A3D00BB49B4 = {
			isa = PBXGroup;
			children = (
				65FAF16123BB48BB00A185A3 /* README.md */,
				65BAF0ED23B66A3D00BB49B4 /* Source */,
				653E318C23BB4EA400CC4B55 /* Swift */,
				65BAF0EC23B66A3D00BB49B4 /* Products */,
			);
			sourceTree = "<group>";
		};
		65BAF0EC23B66A3D00BB49B4 /* Products */ = {
			isa = PBXGroup;
			children = (
				65BAF0EB23B66A3D00BB49B4 /* DebugRuntime */,
			);
			name = Products;
			sourceTree = "<group>";
		};
		65BAF0ED23B66A3D00BB49B4 /* Source */ = {
			isa = PBXGroup;
			children = (
				65BAF0EE23B66A3D00BB49B4 /* main.swift */,
			);
			path = Source;
			sourceTree = "<group>";
		};
/* End PBXGroup section */

/* Begin PBXNativeTarget section */
		65BAF0EA23B66A3D00BB49B4 /* DebugRuntime */ = {
			isa = PBXNativeTarget;
			buildConfigurationList = 65BAF0F223B66A3D00BB49B4 /* Build configuration list for PBXNativeTarget "DebugRuntime" */;
			buildPhases = (
				65BAF0E723B66A3D00BB49B4 /* Sources */,
				65BAF0E823B66A3D00BB49B4 /* Frameworks */,
				65BAF0E923B66A3D00BB49B4 /* CopyFiles */,
			);
			buildRules = (
			);
			dependencies = (
			);
			name = DebugRuntime;
			productName = DebugRuntime;
			productReference = 65BAF0EB23B66A3D00BB49B4 /* DebugRuntime */;
			productType = "com.apple.product-type.tool";
		};
/* End PBXNativeTarget section */

/* Begin PBXProject section */
		65BAF0E323B66A3D00BB49B4 /* Project object */ = {
			isa = PBXProject;
			attributes = {
				LastSwiftUpdateCheck = 1120;
				LastUpgradeCheck = 1120;
				ORGANIZATIONNAME = "Sergiy Drapiko";
				TargetAttributes = {
					65BAF0EA23B66A3D00BB49B4 = {
						CreatedOnToolsVersion = 11.2.1;
					};
				};
			};
			buildConfigurationList = 65BAF0E623B66A3D00BB49B4 /* Build configuration list for PBXProject "DebugRuntime" */;
			compatibilityVersion = "Xcode 9.3";
			developmentRegion = en;
			hasScannedForEncodings = 0;
			knownRegions = (
				en,
				Base,
			);
			mainGroup = 65BAF0E223B66A3D00BB49B4;
			productRefGroup = 65BAF0EC23B66A3D00BB49B4 /* Products */;
			projectDirPath = "";
			projectRoot = "";
			targets = (
				65BAF0EA23B66A3D00BB49B4 /* DebugRuntime */,
			);
		};
/* End PBXProject section */

/* Begin PBXSourcesBuildPhase section */
		65BAF0E723B66A3D00BB49B4 /* Sources */ = {
			isa = PBXSourcesBuildPhase;
			buildActionMask = 2147483647;
			files = (
				65BAF0EF23B66A3D00BB49B4 /* main.swift in Sources */,
			);
			runOnlyForDeploymentPostprocessing = 0;
		};
/* End PBXSourcesBuildPhase section */

/* Begin XCBuildConfiguration section */
		65BAF0F023B66A3D00BB49B4 /* Debug */ = {
			isa = XCBuildConfiguration;
			buildSettings = {
				ALWAYS_SEARCH_USER_PATHS = NO;
				CLANG_ANALYZER_NONNULL = YES;
				CLANG_ANALYZER_NUMBER_OBJECT_CONVERSION = YES_AGGRESSIVE;
				CLANG_CXX_LANGUAGE_STANDARD = "gnu++14";
				CLANG_CXX_LIBRARY = "libc++";
				CLANG_ENABLE_MODULES = YES;
				CLANG_ENABLE_OBJC_ARC = YES;
				CLANG_ENABLE_OBJC_WEAK = YES;
				CLANG_WARN_BLOCK_CAPTURE_AUTORELEASING = YES;
				CLANG_WARN_BOOL_CONVERSION = YES;
				CLANG_WARN_COMMA = YES;
				CLANG_WARN_CONSTANT_CONVERSION = YES;
				CLANG_WARN_DEPRECATED_OBJC_IMPLEMENTATIONS = YES;
				CLANG_WARN_DIRECT_OBJC_ISA_USAGE = YES_ERROR;
				CLANG_WARN_DOCUMENTATION_COMMENTS = YES;
				CLANG_WARN_EMPTY_BODY = YES;
				CLANG_WARN_ENUM_CONVERSION = YES;
				CLANG_WARN_INFINITE_RECURSION = YES;
				CLANG_WARN_INT_CONVERSION = YES;
				CLANG_WARN_NON_LITERAL_NULL_CONVERSION = YES;
				CLANG_WARN_OBJC_IMPLICIT_RETAIN_SELF = YES;
				CLANG_WARN_OBJC_LITERAL_CONVERSION = YES;
				CLANG_WARN_OBJC_ROOT_CLASS = YES_ERROR;
				CLANG_WARN_RANGE_LOOP_ANALYSIS = YES;
				CLANG_WARN_STRICT_PROTOTYPES = YES;
				CLANG_WARN_SUSPICIOUS_MOVE = YES;
				CLANG_WARN_UNGUARDED_AVAILABILITY = YES_AGGRESSIVE;
				CLANG_WARN_UNREACHABLE_CODE = YES;
				CLANG_WARN__DUPLICATE_METHOD_MATCH = YES;
				COPY_PHASE_STRIP = NO;
				DEBUG_INFORMATION_FORMAT = dwarf;
				ENABLE_STRICT_OBJC_MSGSEND = YES;
				ENABLE_TESTABILITY = YES;
				GCC_C_LANGUAGE_STANDARD = gnu11;
				GCC_DYNAMIC_NO_PIC = NO;
				GCC_NO_COMMON_BLOCKS = YES;
				GCC_OPTIMIZATION_LEVEL = 0;
				GCC_PREPROCESSOR_DEFINITIONS = (
					"DEBUG=1",
					"$(inherited)",
				);
				GCC_WARN_64_TO_32_BIT_CONVERSION = YES;
				GCC_WARN_ABOUT_RETURN_TYPE = YES_ERROR;
				GCC_WARN_UNDECLARED_SELECTOR = YES;
				GCC_WARN_UNINITIALIZED_AUTOS = YES_AGGRESSIVE;
				GCC_WARN_UNUSED_FUNCTION = YES;
				GCC_WARN_UNUSED_VARIABLE = YES;
				MACOSX_DEPLOYMENT_TARGET = 10.15;
				MTL_ENABLE_DEBUG_INFO = INCLUDE_SOURCE;
				MTL_FAST_MATH = YES;
				ONLY_ACTIVE_ARCH = YES;
				SDKROOT = macosx;
				SWIFT_ACTIVE_COMPILATION_CONDITIONS = DEBUG;
				SWIFT_OPTIMIZATION_LEVEL = "-Onone";
			};
			name = Debug;
		};
		65BAF0F123B66A3D00BB49B4 /* Release */ = {
			isa = XCBuildConfiguration;
			buildSettings = {
				ALWAYS_SEARCH_USER_PATHS = NO;
				CLANG_ANALYZER_NONNULL = YES;
				CLANG_ANALYZER_NUMBER_OBJECT_CONVERSION = YES_AGGRESSIVE;
				CLANG_CXX_LANGUAGE_STANDARD = "gnu++14";
				CLANG_CXX_LIBRARY = "libc++";
				CLANG_ENABLE_MODULES = YES;
				CLANG_ENABLE_OBJC_ARC = YES;
				CLANG_ENABLE_OBJC_WEAK = YES;
				CLANG_WARN_BLOCK_CAPTURE_AUTORELEASING = YES;
				CLANG_WARN_BOOL_CONVERSION = YES;
				CLANG_WARN_COMMA = YES;
				CLANG_WARN_CONSTANT_CONVERSION = YES;
				CLANG_WARN_DEPRECATED_OBJC_IMPLEMENTATIONS = YES;
				CLANG_WARN_DIRECT_OBJC_ISA_USAGE = YES_ERROR;
				CLANG_WARN_DOCUMENTATION_COMMENTS = YES;
				CLANG_WARN_EMPTY_BODY = YES;
				CLANG_WARN_ENUM_CONVERSION = YES;
				CLANG_WARN_INFINITE_RECURSION = YES;
				CLANG_WARN_INT_CONVERSION = YES;
				CLANG_WARN_NON_LITERAL_NULL_CONVERSION = YES;
				CLANG_WARN_OBJC_IMPLICIT_RETAIN_SELF = YES;
				CLANG_WARN_OBJC_LITERAL_CONVERSION = YES;
				CLANG_WARN_OBJC_ROOT_CLASS = YES_ERROR;
				CLANG_WARN_RANGE_LOOP_ANALYSIS = YES;
				CLANG_WARN_STRICT_PROTOTYPES = YES;
				CLANG_WARN_SUSPICIOUS_MOVE = YES;
				CLANG_WARN_UNGUARDED_AVAILABILITY = YES_AGGRESSIVE;
				CLANG_WARN_UNREACHABLE_CODE = YES;
				CLANG_WARN__DUPLICATE_METHOD_MATCH = YES;
				COPY_PHASE_STRIP = NO;
				DEBUG_INFORMATION_FORMAT = "dwarf-with-dsym";
				ENABLE_NS_ASSERTIONS = NO;
				ENABLE_STRICT_OBJC_MSGSEND = YES;
				GCC_C_LANGUAGE_STANDARD = gnu11;
				GCC_NO_COMMON_BLOCKS = YES;
				GCC_WARN_64_TO_32_BIT_CONVERSION = YES;
				GCC_WARN_ABOUT_RETURN_TYPE = YES_ERROR;
				GCC_WARN_UNDECLARED_SELECTOR = YES;
				GCC_WARN_UNINITIALIZED_AUTOS = YES_AGGRESSIVE;
				GCC_WARN_UNUSED_FUNCTION = YES;
				GCC_WARN_UNUSED_VARIABLE = YES;
				MACOSX_DEPLOYMENT_TARGET = 10.15;
				MTL_ENABLE_DEBUG_INFO = NO;
				MTL_FAST_MATH = YES;
				SDKROOT = macosx;
				SWIFT_COMPILATION_MODE = wholemodule;
				SWIFT_OPTIMIZATION_LEVEL = "-O";
			};
			name = Release;
		};
		65BAF0F323B66A3D00BB49B4 /* Debug */ = {
			isa = XCBuildConfiguration;
			buildSettings = {
				CODE_SIGN_STYLE = Automatic;
				PRODUCT_NAME = "$(TARGET_NAME)";
				SWIFT_VERSION = 5.0;
			};
			name = Debug;
		};
		65BAF0F423B66A3D00BB49B4 /* Release */ = {
			isa = XCBuildConfiguration;
			buildSettings = {
				CODE_SIGN_STYLE = Automatic;
				PRODUCT_NAME = "$(TARGET_NAME)";
				SWIFT_VERSION = 5.0;
			};
			name = Release;
		};
/* End XCBuildConfiguration section */

/* Begin XCConfigurationList section */
		65BAF0E623B66A3D00BB49B4 /* Build configuration list for PBXProject "DebugRuntime" */ = {
			isa = XCConfigurationList;
			buildConfigurations = (
				65BAF0F023B66A3D00BB49B4 /* Debug */,
				65BAF0F123B66A3D00BB49B4 /* Release */,
			);
			defaultConfigurationIsVisible = 0;
			defaultConfigurationName = Release;
		};
		65BAF0F223B66A3D00BB49B4 /* Build configuration list for PBXNativeTarget "DebugRuntime" */ = {
			isa = XCConfigurationList;
			buildConfigurations = (
				65BAF0F323B66A3D00BB49B4 /* Debug */,
				65BAF0F423B66A3D00BB49B4 /* Release */,
			);
			defaultConfigurationIsVisible = 0;
			defaultConfigurationName = Release;
		};
/* End XCConfigurationList section */
	};
	rootObject = 65BAF0E323B66A3D00BB49B4 /* Project object */;
}
